
Microsoft Visual Studio Solution File, Format Version 12.00
# Visual Studio 15
Project("{FAE04EC0-301F-11D3-BF4B-00C04F79EFBC}") = "Game.API", "Game.API.csproj", "{BFFFA501-D6E3-4CC9-9084-DD2CDB88ED32}"
EndProject
Global
	GlobalSection(SolutionConfigurationPlatforms) = preSolution
		Debug|Any CPU = Debug|Any CPU
		Release|Any CPU = Release|Any CPU
	EndGlobalSection
	GlobalSection(ProjectConfigurationPlatforms) = postSolution
		{BFFFA501-D6E3-4CC9-9084-DD2CDB88ED32}.Debug|Any CPU.ActiveCfg = Debug|Any CPU
		{BFFFA501-D6E3-4CC9-9084-DD2CDB88ED32}.Debug|Any CPU.Build.0 = Debug|Any CPU
		{BFFFA501-D6E3-4CC9-9084-DD2CDB88ED32}.Release|Any CPU.ActiveCfg = Release|Any CPU
		{BFFFA501-D6E3-4CC9-9084-DD2CDB88ED32}.Release|Any CPU.Build.0 = Release|Any CPU
	EndGlobalSection
EndGlobal
